
Microsoft Visual Studio Solution File, Format Version 12.00
# Visual Studio Version 17
VisualStudioVersion = 17.11.35327.3
MinimumVisualStudioVersion = 10.0.40219.1
Project("{9A19103F-16F7-4668-BE54-9A1E7A4F7556}") = "FlightInfo", "FlightInfo\FlightInfo.csproj", "{EE45DF8D-8557-4C66-A409-E368EDBCFE94}"
EndProject
Project("{9A19103F-16F7-4668-BE54-9A1E7A4F7556}") = "AirplanesAPI", "AirplanesAPI\AirplanesAPI.csproj", "{A1CFE892-2331-4844-95AC-19C034576BEC}"
EndProject
Project("{9A19103F-16F7-4668-BE54-9A1E7A4F7556}") = "APITest", "APITest\APITest.csproj", "{14DD3D78-F73F-4BF9-9ABB-C4455CE25687}"
EndProject
Project("{FAE04EC0-301F-11D3-BF4B-00C04F79EFBC}") = "FlightInfo-SOAP", "FlightInfo-SOAP\FlightInfo-SOAP.csproj", "{9A5BC258-9FE3-4F75-97EF-53E91DC787D1}"
EndProject
Global
	GlobalSection(SolutionConfigurationPlatforms) = preSolution
		Debug|Any CPU = Debug|Any CPU
		Release|Any CPU = Release|Any CPU
	EndGlobalSection
	GlobalSection(ProjectConfigurationPlatforms) = postSolution
		{EE45DF8D-8557-4C66-A409-E368EDBCFE94}.Debug|Any CPU.ActiveCfg = Debug|Any CPU
		{EE45DF8D-8557-4C66-A409-E368EDBCFE94}.Debug|Any CPU.Build.0 = Debug|Any CPU
		{EE45DF8D-8557-4C66-A409-E368EDBCFE94}.Release|Any CPU.ActiveCfg = Release|Any CPU
		{EE45DF8D-8557-4C66-A409-E368EDBCFE94}.Release|Any CPU.Build.0 = Release|Any CPU
		{A1CFE892-2331-4844-95AC-19C034576BEC}.Debug|Any CPU.ActiveCfg = Debug|Any CPU
		{A1CFE892-2331-4844-95AC-19C034576BEC}.Debug|Any CPU.Build.0 = Debug|Any CPU
		{A1CFE892-2331-4844-95AC-19C034576BEC}.Release|Any CPU.ActiveCfg = Release|Any CPU
		{A1CFE892-2331-4844-95AC-19C034576BEC}.Release|Any CPU.Build.0 = Release|Any CPU
		{14DD3D78-F73F-4BF9-9ABB-C4455CE25687}.Debug|Any CPU.ActiveCfg = Debug|Any CPU
		{14DD3D78-F73F-4BF9-9ABB-C4455CE25687}.Debug|Any CPU.Build.0 = Debug|Any CPU
		{14DD3D78-F73F-4BF9-9ABB-C4455CE25687}.Release|Any CPU.ActiveCfg = Release|Any CPU
		{14DD3D78-F73F-4BF9-9ABB-C4455CE25687}.Release|Any CPU.Build.0 = Release|Any CPU
		{9A5BC258-9FE3-4F75-97EF-53E91DC787D1}.Debug|Any CPU.ActiveCfg = Debug|Any CPU
		{9A5BC258-9FE3-4F75-97EF-53E91DC787D1}.Debug|Any CPU.Build.0 = Debug|Any CPU
		{9A5BC258-9FE3-4F75-97EF-53E91DC787D1}.Release|Any CPU.ActiveCfg = Release|Any CPU
		{9A5BC258-9FE3-4F75-97EF-53E91DC787D1}.Release|Any CPU.Build.0 = Release|Any CPU
	EndGlobalSection
	GlobalSection(SolutionProperties) = preSolution
		HideSolutionNode = FALSE
	EndGlobalSection
	GlobalSection(ExtensibilityGlobals) = postSolution
		SolutionGuid = {634146A5-F0C1-4904-BE1B-E5F04C7182D4}
	EndGlobalSection
EndGlobal
